
Microsoft Visual Studio Solution File, Format Version 12.00
# Visual Studio 15
VisualStudioVersion = 15.0.28010.2016
MinimumVisualStudioVersion = 10.0.40219.1
Project("{FAE04EC0-301F-11D3-BF4B-00C04F79EFBC}") = "SkyNews.Android", "SkyNews\SkyNews.Android\SkyNews.Android.csproj", "{34C0F20D-5061-465C-9E40-3B64B34D247B}"
EndProject
Project("{FAE04EC0-301F-11D3-BF4B-00C04F79EFBC}") = "SkyNews.iOS", "SkyNews\SkyNews.iOS\SkyNews.iOS.csproj", "{6CA423CB-41CB-4584-A602-48F1B3429A09}"
EndProject
Project("{FAE04EC0-301F-11D3-BF4B-00C04F79EFBC}") = "SkyNews", "SkyNews\SkyNews\SkyNews.csproj", "{E2180B7D-C0F6-4CDE-992C-3FC01FCA6C20}"
EndProject
Global
	GlobalSection(SolutionConfigurationPlatforms) = preSolution
		Ad-Hoc|Any CPU = Ad-Hoc|Any CPU
		Ad-Hoc|iPhone = Ad-Hoc|iPhone
		Ad-Hoc|iPhoneSimulator = Ad-Hoc|iPhoneSimulator
		AppStore|Any CPU = AppStore|Any CPU
		AppStore|iPhone = AppStore|iPhone
		AppStore|iPhoneSimulator = AppStore|iPhoneSimulator
		Debug|Any CPU = Debug|Any CPU
		Debug|iPhone = Debug|iPhone
		Debug|iPhoneSimulator = Debug|iPhoneSimulator
		Release|Any CPU = Release|Any CPU
		Release|iPhone = Release|iPhone
		Release|iPhoneSimulator = Release|iPhoneSimulator
	EndGlobalSection
	GlobalSection(ProjectConfigurationPlatforms) = postSolution
		{34C0F20D-5061-465C-9E40-3B64B34D247B}.Ad-Hoc|Any CPU.ActiveCfg = Release|Any CPU
		{34C0F20D-5061-465C-9E40-3B64B34D247B}.Ad-Hoc|Any CPU.Build.0 = Release|Any CPU
		{34C0F20D-5061-465C-9E40-3B64B34D247B}.Ad-Hoc|Any CPU.Deploy.0 = Release|Any CPU
		{34C0F20D-5061-465C-9E40-3B64B34D247B}.Ad-Hoc|iPhone.ActiveCfg = Release|Any CPU
		{34C0F20D-5061-465C-9E40-3B64B34D247B}.Ad-Hoc|iPhone.Build.0 = Release|Any CPU
		{34C0F20D-5061-465C-9E40-3B64B34D247B}.Ad-Hoc|iPhone.Deploy.0 = Release|Any CPU
		{34C0F20D-5061-465C-9E40-3B64B34D247B}.Ad-Hoc|iPhoneSimulator.ActiveCfg = Release|Any CPU
		{34C0F20D-5061-465C-9E40-3B64B34D247B}.Ad-Hoc|iPhoneSimulator.Build.0 = Release|Any CPU
		{34C0F20D-5061-465C-9E40-3B64B34D247B}.Ad-Hoc|iPhoneSimulator.Deploy.0 = Release|Any CPU
		{34C0F20D-5061-465C-9E40-3B64B34D247B}.AppStore|Any CPU.ActiveCfg = Release|Any CPU
		{34C0F20D-5061-465C-9E40-3B64B34D247B}.AppStore|Any CPU.Build.0 = Release|Any CPU
		{34C0F20D-5061-465C-9E40-3B64B34D247B}.AppStore|Any CPU.Deploy.0 = Release|Any CPU
		{34C0F20D-5061-465C-9E40-3B64B34D247B}.AppStore|iPhone.ActiveCfg = Release|Any CPU
		{34C0F20D-5061-465C-9E40-3B64B34D247B}.AppStore|iPhone.Build.0 = Release|Any CPU
		{34C0F20D-5061-465C-9E40-3B64B34D247B}.AppStore|iPhone.Deploy.0 = Release|Any CPU
		{34C0F20D-5061-465C-9E40-3B64B34D247B}.AppStore|iPhoneSimulator.ActiveCfg = Release|Any CPU
		{34C0F20D-5061-465C-9E40-3B64B34D247B}.AppStore|iPhoneSimulator.Build.0 = Release|Any CPU
		{34C0F20D-5061-465C-9E40-3B64B34D247B}.AppStore|iPhoneSimulator.Deploy.0 = Release|Any CPU
		{34C0F20D-5061-465C-9E40-3B64B34D247B}.Debug|Any CPU.ActiveCfg = Debug|Any CPU
		{34C0F20D-5061-465C-9E40-3B64B34D247B}.Debug|Any CPU.Build.0 = Debug|Any CPU
		{34C0F20D-5061-465C-9E40-3B64B34D247B}.Debug|Any CPU.Deploy.0 = Debug|Any CPU
		{34C0F20D-5061-465C-9E40-3B64B34D247B}.Debug|iPhone.ActiveCfg = Debug|Any CPU
		{34C0F20D-5061-465C-9E40-3B64B34D247B}.Debug|iPhone.Build.0 = Debug|Any CPU
		{34C0F20D-5061-465C-9E40-3B64B34D247B}.Debug|iPhone.Deploy.0 = Debug|Any CPU
		{34C0F20D-5061-465C-9E40-3B64B34D247B}.Debug|iPhoneSimulator.ActiveCfg = Debug|Any CPU
		{34C0F20D-5061-465C-9E40-3B64B34D247B}.Debug|iPhoneSimulator.Build.0 = Debug|Any CPU
		{34C0F20D-5061-465C-9E40-3B64B34D247B}.Debug|iPhoneSimulator.Deploy.0 = Debug|Any CPU
		{34C0F20D-5061-465C-9E40-3B64B34D247B}.Release|Any CPU.ActiveCfg = Release|Any CPU
		{34C0F20D-5061-465C-9E40-3B64B34D247B}.Release|Any CPU.Build.0 = Release|Any CPU
		{34C0F20D-5061-465C-9E40-3B64B34D247B}.Release|Any CPU.Deploy.0 = Release|Any CPU
		{34C0F20D-5061-465C-9E40-3B64B34D247B}.Release|iPhone.ActiveCfg = Release|Any CPU
		{34C0F20D-5061-465C-9E40-3B64B34D247B}.Release|iPhone.Build.0 = Release|Any CPU
		{34C0F20D-5061-465C-9E40-3B64B34D247B}.Release|iPhone.Deploy.0 = Release|Any CPU
		{34C0F20D-5061-465C-9E40-3B64B34D247B}.Release|iPhoneSimulator.ActiveCfg = Release|Any CPU
		{34C0F20D-5061-465C-9E40-3B64B34D247B}.Release|iPhoneSimulator.Build.0 = Release|Any CPU
		{34C0F20D-5061-465C-9E40-3B64B34D247B}.Release|iPhoneSimulator.Deploy.0 = Release|Any CPU
		{6CA423CB-41CB-4584-A602-48F1B3429A09}.Ad-Hoc|Any CPU.ActiveCfg = Ad-Hoc|iPhone
		{6CA423CB-41CB-4584-A602-48F1B3429A09}.Ad-Hoc|Any CPU.Build.0 = Ad-Hoc|iPhone
		{6CA423CB-41CB-4584-A602-48F1B3429A09}.Ad-Hoc|Any CPU.Deploy.0 = Ad-Hoc|iPhone
		{6CA423CB-41CB-4584-A602-48F1B3429A09}.Ad-Hoc|iPhone.ActiveCfg = Ad-Hoc|iPhone
		{6CA423CB-41CB-4584-A602-48F1B3429A09}.Ad-Hoc|iPhone.Build.0 = Ad-Hoc|iPhone
		{6CA423CB-41CB-4584-A602-48F1B3429A09}.Ad-Hoc|iPhone.Deploy.0 = Ad-Hoc|iPhone
		{6CA423CB-41CB-4584-A602-48F1B3429A09}.Ad-Hoc|iPhoneSimulator.ActiveCfg = Ad-Hoc|iPhoneSimulator
		{6CA423CB-41CB-4584-A602-48F1B3429A09}.Ad-Hoc|iPhoneSimulator.Build.0 = Ad-Hoc|iPhoneSimulator
		{6CA423CB-41CB-4584-A602-48F1B3429A09}.Ad-Hoc|iPhoneSimulator.Deploy.0 = Ad-Hoc|iPhoneSimulator
		{6CA423CB-41CB-4584-A602-48F1B3429A09}.AppStore|Any CPU.ActiveCfg = AppStore|iPhone
		{6CA423CB-41CB-4584-A602-48F1B3429A09}.AppStore|Any CPU.Build.0 = AppStore|iPhone
		{6CA423CB-41CB-4584-A602-48F1B3429A09}.AppStore|Any CPU.Deploy.0 = AppStore|iPhone
		{6CA423CB-41CB-4584-A602-48F1B3429A09}.AppStore|iPhone.ActiveCfg = AppStore|iPhone
		{6CA423CB-41CB-4584-A602-48F1B3429A09}.AppStore|iPhone.Build.0 = AppStore|iPhone
		{6CA423CB-41CB-4584-A602-48F1B3429A09}.AppStore|iPhone.Deploy.0 = AppStore|iPhone
		{6CA423CB-41CB-4584-A602-48F1B3429A09}.AppStore|iPhoneSimulator.ActiveCfg = AppStore|iPhoneSimulator
		{6CA423CB-41CB-4584-A602-48F1B3429A09}.AppStore|iPhoneSimulator.Build.0 = AppStore|iPhoneSimulator
		{6CA423CB-41CB-4584-A602-48F1B3429A09}.AppStore|iPhoneSimulator.Deploy.0 = AppStore|iPhoneSimulator
		{6CA423CB-41CB-4584-A602-48F1B3429A09}.Debug|Any CPU.ActiveCfg = Debug|iPhoneSimulator
		{6CA423CB-41CB-4584-A602-48F1B3429A09}.Debug|Any CPU.Build.0 = Debug|iPhoneSimulator
		{6CA423CB-41CB-4584-A602-48F1B3429A09}.Debug|Any CPU.Deploy.0 = Debug|iPhoneSimulator
		{6CA423CB-41CB-4584-A602-48F1B3429A09}.Debug|iPhone.ActiveCfg = Debug|iPhone
		{6CA423CB-41CB-4584-A602-48F1B3429A09}.Debug|iPhone.Build.0 = Debug|iPhone
		{6CA423CB-41CB-4584-A602-48F1B3429A09}.Debug|iPhone.Deploy.0 = Debug|iPhone
		{6CA423CB-41CB-4584-A602-48F1B3429A09}.Debug|iPhoneSimulator.ActiveCfg = Debug|iPhoneSimulator
		{6CA423CB-41CB-4584-A602-48F1B3429A09}.Debug|iPhoneSimulator.Build.0 = Debug|iPhoneSimulator
		{6CA423CB-41CB-4584-A602-48F1B3429A09}.Debug|iPhoneSimulator.Deploy.0 = Debug|iPhoneSimulator
		{6CA423CB-41CB-4584-A602-48F1B3429A09}.Release|Any CPU.ActiveCfg = Release|iPhone
		{6CA423CB-41CB-4584-A602-48F1B3429A09}.Release|Any CPU.Build.0 = Release|iPhone
		{6CA423CB-41CB-4584-A602-48F1B3429A09}.Release|Any CPU.Deploy.0 = Release|iPhone
		{6CA423CB-41CB-4584-A602-48F1B3429A09}.Release|iPhone.ActiveCfg = Release|iPhone
		{6CA423CB-41CB-4584-A602-48F1B3429A09}.Release|iPhone.Build.0 = Release|iPhone
		{6CA423CB-41CB-4584-A602-48F1B3429A09}.Release|iPhone.Deploy.0 = Release|iPhone
		{6CA423CB-41CB-4584-A602-48F1B3429A09}.Release|iPhoneSimulator.ActiveCfg = Release|iPhoneSimulator
		{6CA423CB-41CB-4584-A602-48F1B3429A09}.Release|iPhoneSimulator.Build.0 = Release|iPhoneSimulator
		{6CA423CB-41CB-4584-A602-48F1B3429A09}.Release|iPhoneSimulator.Deploy.0 = Release|iPhoneSimulator
		{E2180B7D-C0F6-4CDE-992C-3FC01FCA6C20}.Ad-Hoc|Any CPU.ActiveCfg = Debug|Any CPU
		{E2180B7D-C0F6-4CDE-992C-3FC01FCA6C20}.Ad-Hoc|Any CPU.Build.0 = Debug|Any CPU
		{E2180B7D-C0F6-4CDE-992C-3FC01FCA6C20}.Ad-Hoc|Any CPU.Deploy.0 = Debug|Any CPU
		{E2180B7D-C0F6-4CDE-992C-3FC01FCA6C20}.Ad-Hoc|iPhone.ActiveCfg = Debug|Any CPU
		{E2180B7D-C0F6-4CDE-992C-3FC01FCA6C20}.Ad-Hoc|iPhone.Build.0 = Debug|Any CPU
		{E2180B7D-C0F6-4CDE-992C-3FC01FCA6C20}.Ad-Hoc|iPhone.Deploy.0 = Debug|Any CPU
		{E2180B7D-C0F6-4CDE-992C-3FC01FCA6C20}.Ad-Hoc|iPhoneSimulator.ActiveCfg = Debug|Any CPU
		{E2180B7D-C0F6-4CDE-992C-3FC01FCA6C20}.Ad-Hoc|iPhoneSimulator.Build.0 = Debug|Any CPU
		{E2180B7D-C0F6-4CDE-992C-3FC01FCA6C20}.Ad-Hoc|iPhoneSimulator.Deploy.0 = Debug|Any CPU
		{E2180B7D-C0F6-4CDE-992C-3FC01FCA6C20}.AppStore|Any CPU.ActiveCfg = Debug|Any CPU
		{E2180B7D-C0F6-4CDE-992C-3FC01FCA6C20}.AppStore|Any CPU.Build.0 = Debug|Any CPU
		{E2180B7D-C0F6-4CDE-992C-3FC01FCA6C20}.AppStore|Any CPU.Deploy.0 = Debug|Any CPU
		{E2180B7D-C0F6-4CDE-992C-3FC01FCA6C20}.AppStore|iPhone.ActiveCfg = Debug|Any CPU
		{E2180B7D-C0F6-4CDE-992C-3FC01FCA6C20}.AppStore|iPhone.Build.0 = Debug|Any CPU
		{E2180B7D-C0F6-4CDE-992C-3FC01FCA6C20}.AppStore|iPhone.Deploy.0 = Debug|Any CPU
		{E2180B7D-C0F6-4CDE-992C-3FC01FCA6C20}.AppStore|iPhoneSimulator.ActiveCfg = Debug|Any CPU
		{E2180B7D-C0F6-4CDE-992C-3FC01FCA6C20}.AppStore|iPhoneSimulator.Build.0 = Debug|Any CPU
		{E2180B7D-C0F6-4CDE-992C-3FC01FCA6C20}.AppStore|iPhoneSimulator.Deploy.0 = Debug|Any CPU
		{E2180B7D-C0F6-4CDE-992C-3FC01FCA6C20}.Debug|Any CPU.ActiveCfg = Debug|Any CPU
		{E2180B7D-C0F6-4CDE-992C-3FC01FCA6C20}.Debug|Any CPU.Build.0 = Debug|Any CPU
		{E2180B7D-C0F6-4CDE-992C-3FC01FCA6C20}.Debug|Any CPU.Deploy.0 = Debug|Any CPU
		{E2180B7D-C0F6-4CDE-992C-3FC01FCA6C20}.Debug|iPhone.ActiveCfg = Debug|Any CPU
		{E2180B7D-C0F6-4CDE-992C-3FC01FCA6C20}.Debug|iPhone.Build.0 = Debug|Any CPU
		{E2180B7D-C0F6-4CDE-992C-3FC01FCA6C20}.Debug|iPhone.Deploy.0 = Debug|Any CPU
		{E2180B7D-C0F6-4CDE-992C-3FC01FCA6C20}.Debug|iPhoneSimulator.ActiveCfg = Debug|Any CPU
		{E2180B7D-C0F6-4CDE-992C-3FC01FCA6C20}.Debug|iPhoneSimulator.Build.0 = Debug|Any CPU
		{E2180B7D-C0F6-4CDE-992C-3FC01FCA6C20}.Debug|iPhoneSimulator.Deploy.0 = Debug|Any CPU
		{E2180B7D-C0F6-4CDE-992C-3FC01FCA6C20}.Release|Any CPU.ActiveCfg = Release|Any CPU
		{E2180B7D-C0F6-4CDE-992C-3FC01FCA6C20}.Release|Any CPU.Build.0 = Release|Any CPU
		{E2180B7D-C0F6-4CDE-992C-3FC01FCA6C20}.Release|Any CPU.Deploy.0 = Release|Any CPU
		{E2180B7D-C0F6-4CDE-992C-3FC01FCA6C20}.Release|iPhone.ActiveCfg = Release|Any CPU
		{E2180B7D-C0F6-4CDE-992C-3FC01FCA6C20}.Release|iPhone.Build.0 = Release|Any CPU
		{E2180B7D-C0F6-4CDE-992C-3FC01FCA6C20}.Release|iPhone.Deploy.0 = Release|Any CPU
		{E2180B7D-C0F6-4CDE-992C-3FC01FCA6C20}.Release|iPhoneSimulator.ActiveCfg = Release|Any CPU
		{E2180B7D-C0F6-4CDE-992C-3FC01FCA6C20}.Release|iPhoneSimulator.Build.0 = Release|Any CPU
		{E2180B7D-C0F6-4CDE-992C-3FC01FCA6C20}.Release|iPhoneSimulator.Deploy.0 = Release|Any CPU
	EndGlobalSection
	GlobalSection(SolutionProperties) = preSolution
		HideSolutionNode = FALSE
	EndGlobalSection
	GlobalSection(ExtensibilityGlobals) = postSolution
		SolutionGuid = {3E62158A-7D4C-49C2-9AA4-487FDD38CC14}
	EndGlobalSection
EndGlobal
